<?xml version="1.0" encoding="utf-8"?>

<Project ToolsVersion="14.0" xmlns="http://schemas.microsoft.com/developer/msbuild/2003">
  <ItemGroup>
    <Filter Include="zpd">
      <UniqueIdentifier>{DEADE363-CDD8-9D8A-9870-DBC9232F69EE}</UniqueIdentifier>
    </Filter>
    <Filter Include="zpd\pd">
      <UniqueIdentifier>{248C2FCE-9C79-F7CE-9284-116A7F306E57}</UniqueIdentifier>
    </Filter>
    <Filter Include="zpd\pd\extra">
      <UniqueIdentifier>{FDB6CC4C-D1F0-46AA-FD53-E0F653132725}</UniqueIdentifier>
    </Filter>
    <Filter Include="zpd\pd\src">
      <UniqueIdentifier>{4DF5D8C6-D4A1-A5D1-422B-2F351FB34A57}</UniqueIdentifier>
    </Filter>
    <Filter Include="zpd\zpd">
      <UniqueIdentifier>{94063D6F-83C1-E5EA-CC89-E4E5AF675AF4}</UniqueIdentifier>
    </Filter>
    <Filter Include="Juce Library Code">
      <UniqueIdentifier>{8B4D1BAA-6DB4-CAEC-A0FA-271F354D5C61}</UniqueIdentifier>
    </Filter>
  </ItemGroup>
  <ItemGroup>
    <ClCompile Include="..\..\pd\extra\bob~\bob~.c">
      <Filter>zpd\pd\extra</Filter>
    </ClCompile>
    <ClCompile Include="..\..\pd\extra\bonk~\bonk~.c">
      <Filter>zpd\pd\extra</Filter>
    </ClCompile>
    <ClCompile Include="..\..\pd\extra\choice\choice.c">
      <Filter>zpd\pd\extra</Filter>
    </ClCompile>
    <ClCompile Include="..\..\pd\extra\fiddle~\fiddle~.c">
      <Filter>zpd\pd\extra</Filter>
    </ClCompile>
    <ClCompile Include="..\..\pd\extra\loop~\loop~.c">
      <Filter>zpd\pd\extra</Filter>
    </ClCompile>
    <ClCompile Include="..\..\pd\extra\lrshift~\lrshift~.c">
      <Filter>zpd\pd\extra</Filter>
    </ClCompile>
    <ClCompile Include="..\..\pd\extra\pique\pique.c">
      <Filter>zpd\pd\extra</Filter>
    </ClCompile>
    <ClCompile Include="..\..\pd\extra\sigmund~\sigmund~.c">
      <Filter>zpd\pd\extra</Filter>
    </ClCompile>
    <ClCompile Include="..\..\pd\extra\stdout\stdout.c">
      <Filter>zpd\pd\extra</Filter>
    </ClCompile>
    <ClCompile Include="..\..\pd\src\d_arithmetic.c">
      <Filter>zpd\pd\src</Filter>
    </ClCompile>
    <ClCompile Include="..\..\pd\src\d_array.c">
      <Filter>zpd\pd\src</Filter>
    </ClCompile>
    <ClCompile Include="..\..\pd\src\d_ctl.c">
      <Filter>zpd\pd\src</Filter>
    </ClCompile>
    <ClCompile Include="..\..\pd\src\d_dac.c">
      <Filter>zpd\pd\src</Filter>
    </ClCompile>
    <ClCompile Include="..\..\pd\src\d_delay.c">
      <Filter>zpd\pd\src</Filter>
    </ClCompile>
    <ClCompile Include="..\..\pd\src\d_fft.c">
      <Filter>zpd\pd\src</Filter>
    </ClCompile>
    <ClCompile Include="..\..\pd\src\d_fft_fftsg.c">
      <Filter>zpd\pd\src</Filter>
    </ClCompile>
    <ClCompile Include="..\..\pd\src\d_filter.c">
      <Filter>zpd\pd\src</Filter>
    </ClCompile>
    <ClCompile Include="..\..\pd\src\d_global.c">
      <Filter>zpd\pd\src</Filter>
    </ClCompile>
    <ClCompile Include="..\..\pd\src\d_math.c">
      <Filter>zpd\pd\src</Filter>
    </ClCompile>
    <ClCompile Include="..\..\pd\src\d_misc.c">
      <Filter>zpd\pd\src</Filter>
    </ClCompile>
    <ClCompile Include="..\..\pd\src\d_osc.c">
      <Filter>zpd\pd\src</Filter>
    </ClCompile>
    <ClCompile Include="..\..\pd\src\d_resample.c">
      <Filter>zpd\pd\src</Filter>
    </ClCompile>
    <ClCompile Include="..\..\pd\src\d_soundfile.c">
      <Filter>zpd\pd\src</Filter>
    </ClCompile>
    <ClCompile Include="..\..\pd\src\d_ugen.c">
      <Filter>zpd\pd\src</Filter>
    </ClCompile>
    <ClCompile Include="..\..\pd\src\g_all_guis.c">
      <Filter>zpd\pd\src</Filter>
    </ClCompile>
    <ClCompile Include="..\..\pd\src\g_array.c">
      <Filter>zpd\pd\src</Filter>
    </ClCompile>
    <ClCompile Include="..\..\pd\src\g_bang.c">
      <Filter>zpd\pd\src</Filter>
    </ClCompile>
    <ClCompile Include="..\..\pd\src\g_canvas.c">
      <Filter>zpd\pd\src</Filter>
    </ClCompile>
    <ClCompile Include="..\..\pd\src\g_clone.c">
      <Filter>zpd\pd\src</Filter>
    </ClCompile>
    <ClCompile Include="..\..\pd\src\g_editor.c">
      <Filter>zpd\pd\src</Filter>
    </ClCompile>
    <ClCompile Include="..\..\pd\src\g_graph.c">
      <Filter>zpd\pd\src</Filter>
    </ClCompile>
    <ClCompile Include="..\..\pd\src\g_guiconnect.c">
      <Filter>zpd\pd\src</Filter>
    </ClCompile>
    <ClCompile Include="..\..\pd\src\g_hdial.c">
      <Filter>zpd\pd\src</Filter>
    </ClCompile>
    <ClCompile Include="..\..\pd\src\g_hslider.c">
      <Filter>zpd\pd\src</Filter>
    </ClCompile>
    <ClCompile Include="..\..\pd\src\g_io.c">
      <Filter>zpd\pd\src</Filter>
    </ClCompile>
    <ClCompile Include="..\..\pd\src\g_mycanvas.c">
      <Filter>zpd\pd\src</Filter>
    </ClCompile>
    <ClCompile Include="..\..\pd\src\g_numbox.c">
      <Filter>zpd\pd\src</Filter>
    </ClCompile>
    <ClCompile Include="..\..\pd\src\g_readwrite.c">
      <Filter>zpd\pd\src</Filter>
    </ClCompile>
    <ClCompile Include="..\..\pd\src\g_rtext.c">
      <Filter>zpd\pd\src</Filter>
    </ClCompile>
    <ClCompile Include="..\..\pd\src\g_scalar.c">
      <Filter>zpd\pd\src</Filter>
    </ClCompile>
    <ClCompile Include="..\..\pd\src\g_template.c">
      <Filter>zpd\pd\src</Filter>
    </ClCompile>
    <ClCompile Include="..\..\pd\src\g_text.c">
      <Filter>zpd\pd\src</Filter>
    </ClCompile>
    <ClCompile Include="..\..\pd\src\g_toggle.c">
      <Filter>zpd\pd\src</Filter>
    </ClCompile>
    <ClCompile Include="..\..\pd\src\g_traversal.c">
      <Filter>zpd\pd\src</Filter>
    </ClCompile>
    <ClCompile Include="..\..\pd\src\g_vdial.c">
      <Filter>zpd\pd\src</Filter>
    </ClCompile>
    <ClCompile Include="..\..\pd\src\g_vslider.c">
      <Filter>zpd\pd\src</Filter>
    </ClCompile>
    <ClCompile Include="..\..\pd\src\g_vumeter.c">
      <Filter>zpd\pd\src</Filter>
    </ClCompile>
    <ClCompile Include="..\..\pd\src\m_atom.c">
      <Filter>zpd\pd\src</Filter>
    </ClCompile>
    <ClCompile Include="..\..\pd\src\m_binbuf.c">
      <Filter>zpd\pd\src</Filter>
    </ClCompile>
    <ClCompile Include="..\..\pd\src\m_class.c">
      <Filter>zpd\pd\src</Filter>
    </ClCompile>
    <ClCompile Include="..\..\pd\src\m_conf.c">
      <Filter>zpd\pd\src</Filter>
    </ClCompile>
    <ClCompile Include="..\..\pd\src\m_glob.c">
      <Filter>zpd\pd\src</Filter>
    </ClCompile>
    <ClCompile Include="..\..\pd\src\m_memory.c">
      <Filter>zpd\pd\src</Filter>
    </ClCompile>
    <ClCompile Include="..\..\pd\src\m_obj.c">
      <Filter>zpd\pd\src</Filter>
    </ClCompile>
    <ClCompile Include="..\..\pd\src\m_pd.c">
      <Filter>zpd\pd\src</Filter>
    </ClCompile>
    <ClCompile Include="..\..\pd\src\m_sched.c">
      <Filter>zpd\pd\src</Filter>
    </ClCompile>
    <ClCompile Include="..\..\pd\src\s_audio.c">
      <Filter>zpd\pd\src</Filter>
    </ClCompile>
    <ClCompile Include="..\..\pd\src\s_audio_dummy.c">
      <Filter>zpd\pd\src</Filter>
    </ClCompile>
    <ClCompile Include="..\..\pd\src\s_file.c">
      <Filter>zpd\pd\src</Filter>
    </ClCompile>
    <ClCompile Include="..\..\pd\src\s_inter.c">
      <Filter>zpd\pd\src</Filter>
    </ClCompile>
    <ClCompile Include="..\..\pd\src\s_loader.c">
      <Filter>zpd\pd\src</Filter>
    </ClCompile>
    <ClCompile Include="..\..\pd\src\s_main.c">
      <Filter>zpd\pd\src</Filter>
    </ClCompile>
    <ClCompile Include="..\..\pd\src\s_path.c">
      <Filter>zpd\pd\src</Filter>
    </ClCompile>
    <ClCompile Include="..\..\pd\src\s_print.c">
      <Filter>zpd\pd\src</Filter>
    </ClCompile>
    <ClCompile Include="..\..\pd\src\s_utf8.c">
      <Filter>zpd\pd\src</Filter>
    </ClCompile>
    <ClCompile Include="..\..\pd\src\x_acoustics.c">
      <Filter>zpd\pd\src</Filter>
    </ClCompile>
    <ClCompile Include="..\..\pd\src\x_arithmetic.c">
      <Filter>zpd\pd\src</Filter>
    </ClCompile>
    <ClCompile Include="..\..\pd\src\x_array.c">
      <Filter>zpd\pd\src</Filter>
    </ClCompile>
    <ClCompile Include="..\..\pd\src\x_connective.c">
      <Filter>zpd\pd\src</Filter>
    </ClCompile>
    <ClCompile Include="..\..\pd\src\x_gui.c">
      <Filter>zpd\pd\src</Filter>
    </ClCompile>
    <ClCompile Include="..\..\pd\src\x_interface.c">
      <Filter>zpd\pd\src</Filter>
    </ClCompile>
    <ClCompile Include="..\..\pd\src\x_list.c">
      <Filter>zpd\pd\src</Filter>
    </ClCompile>
    <ClCompile Include="..\..\pd\src\x_midi.c">
      <Filter>zpd\pd\src</Filter>
    </ClCompile>
    <ClCompile Include="..\..\pd\src\x_misc.c">
      <Filter>zpd\pd\src</Filter>
    </ClCompile>
    <ClCompile Include="..\..\pd\src\x_net.c">
      <Filter>zpd\pd\src</Filter>
    </ClCompile>
    <ClCompile Include="..\..\pd\src\x_scalar.c">
      <Filter>zpd\pd\src</Filter>
    </ClCompile>
    <ClCompile Include="..\..\pd\src\x_text.c">
      <Filter>zpd\pd\src</Filter>
    </ClCompile>
    <ClCompile Include="..\..\pd\src\x_time.c">
      <Filter>zpd\pd\src</Filter>
    </ClCompile>
    <ClCompile Include="..\..\pd\src\x_vexp.c">
      <Filter>zpd\pd\src</Filter>
    </ClCompile>
    <ClCompile Include="..\..\pd\src\x_vexp_fun.c">
      <Filter>zpd\pd\src</Filter>
    </ClCompile>
    <ClCompile Include="..\..\pd\src\x_vexp_if.c">
      <Filter>zpd\pd\src</Filter>
    </ClCompile>
    <ClCompile Include="..\..\zpd\z_pd.c">
      <Filter>zpd\zpd</Filter>
    </ClCompile>
  </ItemGroup>
  <ItemGroup>
    <ClInclude Include="..\..\pd\src\g_all_guis.h">
      <Filter>zpd\pd\src</Filter>
    </ClInclude>
    <ClInclude Include="..\..\pd\src\g_canvas.h">
      <Filter>zpd\pd\src</Filter>
    </ClInclude>
    <ClInclude Include="..\..\pd\src\m_imp.h">
      <Filter>zpd\pd\src</Filter>
    </ClInclude>
    <ClInclude Include="..\..\pd\src\m_pd.h">
      <Filter>zpd\pd\src</Filter>
    </ClInclude>
    <ClInclude Include="..\..\pd\src\s_stuff.h">
      <Filter>zpd\pd\src</Filter>
    </ClInclude>
    <ClInclude Include="..\..\pd\src\s_utf8.h">
      <Filter>zpd\pd\src</Filter>
    </ClInclude>
    <ClInclude Include="..\..\pd\src\x_vexp.h">
      <Filter>zpd\pd\src</Filter>
    </ClInclude>
    <ClInclude Include="..\..\zpd\z_pd.h">
      <Filter>zpd\zpd</Filter>
    </ClInclude>
    <ClInclude Include="..\..\JuceLibraryCode\AppConfig.h">
      <Filter>Juce Library Code</Filter>
    </ClInclude>
    <ClInclude Include="..\..\JuceLibraryCode\JuceHeader.h">
      <Filter>Juce Library Code</Filter>
    </ClInclude>
  </ItemGroup>
  <ItemGroup>
    <ResourceCompile Include=".\resources.rc">
      <Filter>Juce Library Code</Filter>
    </ResourceCompile>
  </ItemGroup>
</Project>
